
Microsoft Visual Studio Solution File, Format Version 12.00
# Visual Studio Version 17
VisualStudioVersion = 17.0.31903.59
MinimumVisualStudioVersion = 10.0.40219.1
Project("{2150E333-8FDC-42A3-9474-1A3956D46DE8}") = "src", "src", "{61E035F4-0414-44B1-9801-BE2DFE002C33}"
EndProject
Project("{2150E333-8FDC-42A3-9474-1A3956D46DE8}") = "baskets", "baskets", "{86138E7B-ADD4-486F-A24A-0BFB2A0C988A}"
EndProject
Project("{FAE04EC0-301F-11D3-BF4B-00C04F79EFBC}") = "Basket.Api", "src\baskets\Basket.Api\Basket.Api.csproj", "{FD851FC2-0D8B-4393-A20B-5F68A1B2C43C}"
EndProject
Project("{2150E333-8FDC-42A3-9474-1A3956D46DE8}") = "orders", "orders", "{D8D5B6EA-A945-4B7C-B707-2E9F259BE899}"
EndProject
Project("{FAE04EC0-301F-11D3-BF4B-00C04F79EFBC}") = "Orders.Api", "src\orders\Orders.Api\Orders.Api.csproj", "{29CAE4C7-AE33-477A-A19B-A60F406F49EA}"
EndProject
Project("{FAE04EC0-301F-11D3-BF4B-00C04F79EFBC}") = "Orders.Consumer", "src\orders\Orders.Consumer\Orders.Consumer.csproj", "{A09E6F45-9096-4DFF-82F3-0139BB2DEF29}"
EndProject
Project("{FAE04EC0-301F-11D3-BF4B-00C04F79EFBC}") = "Orders.Reporting", "src\orders\Orders.Reporting\Orders.Reporting.csproj", "{D3FEE211-F77C-4256-A438-CB48B5D18AE2}"
EndProject
Project("{2150E333-8FDC-42A3-9474-1A3956D46DE8}") = "products", "products", "{EA77165C-BAD6-403B-BB81-2097F995949A}"
EndProject
Project("{FAE04EC0-301F-11D3-BF4B-00C04F79EFBC}") = "Products.Api", "src\products\Products.Api\Products.Api.csproj", "{328267C3-B623-4758-9BC3-7EE5C91EDEAF}"
EndProject
Project("{2150E333-8FDC-42A3-9474-1A3956D46DE8}") = "users", "users", "{2CCDC2E6-625F-4EC2-A344-C60B21F26FC4}"
EndProject
Project("{FAE04EC0-301F-11D3-BF4B-00C04F79EFBC}") = "Users.Idp", "src\users\Users.Idp\Users.Idp.csproj", "{F4CB57D3-BB8A-4D0C-B41A-5A5837BC03FF}"
EndProject
Global
	GlobalSection(SolutionConfigurationPlatforms) = preSolution
		Debug|Any CPU = Debug|Any CPU
		Release|Any CPU = Release|Any CPU
	EndGlobalSection
	GlobalSection(SolutionProperties) = preSolution
		HideSolutionNode = FALSE
	EndGlobalSection
	GlobalSection(ProjectConfigurationPlatforms) = postSolution
		{FD851FC2-0D8B-4393-A20B-5F68A1B2C43C}.Debug|Any CPU.ActiveCfg = Debug|Any CPU
		{FD851FC2-0D8B-4393-A20B-5F68A1B2C43C}.Debug|Any CPU.Build.0 = Debug|Any CPU
		{FD851FC2-0D8B-4393-A20B-5F68A1B2C43C}.Release|Any CPU.ActiveCfg = Release|Any CPU
		{FD851FC2-0D8B-4393-A20B-5F68A1B2C43C}.Release|Any CPU.Build.0 = Release|Any CPU
		{29CAE4C7-AE33-477A-A19B-A60F406F49EA}.Debug|Any CPU.ActiveCfg = Debug|Any CPU
		{29CAE4C7-AE33-477A-A19B-A60F406F49EA}.Debug|Any CPU.Build.0 = Debug|Any CPU
		{29CAE4C7-AE33-477A-A19B-A60F406F49EA}.Release|Any CPU.ActiveCfg = Release|Any CPU
		{29CAE4C7-AE33-477A-A19B-A60F406F49EA}.Release|Any CPU.Build.0 = Release|Any CPU
		{A09E6F45-9096-4DFF-82F3-0139BB2DEF29}.Debug|Any CPU.ActiveCfg = Debug|Any CPU
		{A09E6F45-9096-4DFF-82F3-0139BB2DEF29}.Debug|Any CPU.Build.0 = Debug|Any CPU
		{A09E6F45-9096-4DFF-82F3-0139BB2DEF29}.Release|Any CPU.ActiveCfg = Release|Any CPU
		{A09E6F45-9096-4DFF-82F3-0139BB2DEF29}.Release|Any CPU.Build.0 = Release|Any CPU
		{D3FEE211-F77C-4256-A438-CB48B5D18AE2}.Debug|Any CPU.ActiveCfg = Debug|Any CPU
		{D3FEE211-F77C-4256-A438-CB48B5D18AE2}.Debug|Any CPU.Build.0 = Debug|Any CPU
		{D3FEE211-F77C-4256-A438-CB48B5D18AE2}.Release|Any CPU.ActiveCfg = Release|Any CPU
		{D3FEE211-F77C-4256-A438-CB48B5D18AE2}.Release|Any CPU.Build.0 = Release|Any CPU
		{328267C3-B623-4758-9BC3-7EE5C91EDEAF}.Debug|Any CPU.ActiveCfg = Debug|Any CPU
		{328267C3-B623-4758-9BC3-7EE5C91EDEAF}.Debug|Any CPU.Build.0 = Debug|Any CPU
		{328267C3-B623-4758-9BC3-7EE5C91EDEAF}.Release|Any CPU.ActiveCfg = Release|Any CPU
		{328267C3-B623-4758-9BC3-7EE5C91EDEAF}.Release|Any CPU.Build.0 = Release|Any CPU
		{F4CB57D3-BB8A-4D0C-B41A-5A5837BC03FF}.Debug|Any CPU.ActiveCfg = Debug|Any CPU
		{F4CB57D3-BB8A-4D0C-B41A-5A5837BC03FF}.Debug|Any CPU.Build.0 = Debug|Any CPU
		{F4CB57D3-BB8A-4D0C-B41A-5A5837BC03FF}.Release|Any CPU.ActiveCfg = Release|Any CPU
		{F4CB57D3-BB8A-4D0C-B41A-5A5837BC03FF}.Release|Any CPU.Build.0 = Release|Any CPU
	EndGlobalSection
	GlobalSection(NestedProjects) = preSolution
		{86138E7B-ADD4-486F-A24A-0BFB2A0C988A} = {61E035F4-0414-44B1-9801-BE2DFE002C33}
		{FD851FC2-0D8B-4393-A20B-5F68A1B2C43C} = {86138E7B-ADD4-486F-A24A-0BFB2A0C988A}
		{D8D5B6EA-A945-4B7C-B707-2E9F259BE899} = {61E035F4-0414-44B1-9801-BE2DFE002C33}
		{29CAE4C7-AE33-477A-A19B-A60F406F49EA} = {D8D5B6EA-A945-4B7C-B707-2E9F259BE899}
		{A09E6F45-9096-4DFF-82F3-0139BB2DEF29} = {D8D5B6EA-A945-4B7C-B707-2E9F259BE899}
		{D3FEE211-F77C-4256-A438-CB48B5D18AE2} = {D8D5B6EA-A945-4B7C-B707-2E9F259BE899}
		{EA77165C-BAD6-403B-BB81-2097F995949A} = {61E035F4-0414-44B1-9801-BE2DFE002C33}
		{328267C3-B623-4758-9BC3-7EE5C91EDEAF} = {EA77165C-BAD6-403B-BB81-2097F995949A}
		{2CCDC2E6-625F-4EC2-A344-C60B21F26FC4} = {61E035F4-0414-44B1-9801-BE2DFE002C33}
		{F4CB57D3-BB8A-4D0C-B41A-5A5837BC03FF} = {2CCDC2E6-625F-4EC2-A344-C60B21F26FC4}
	EndGlobalSection
EndGlobal
