
Microsoft Visual Studio Solution File, Format Version 12.00
# Visual Studio Version 17
VisualStudioVersion = 17.0.31903.59
MinimumVisualStudioVersion = 10.0.40219.1
Project("{2150E333-8FDC-42A3-9474-1A3956D46DE8}") = "src", "src", "{B80CD787-B08F-44CF-8BD9-D50DC37F71BD}"
EndProject
Project("{2150E333-8FDC-42A3-9474-1A3956D46DE8}") = "baskets", "baskets", "{74F1D155-CEDF-4C81-9F9B-F7C14C8060D4}"
EndProject
Project("{FAE04EC0-301F-11D3-BF4B-00C04F79EFBC}") = "Basket.Api", "src\baskets\Basket.Api\Basket.Api.csproj", "{8FADCC0B-2A6C-4E98-8BB7-486EE81FC4F6}"
EndProject
Project("{2150E333-8FDC-42A3-9474-1A3956D46DE8}") = "orders", "orders", "{9251DE16-BD7F-4811-9D00-647B962396D4}"
EndProject
Project("{FAE04EC0-301F-11D3-BF4B-00C04F79EFBC}") = "Orders.Api", "src\orders\Orders.Api\Orders.Api.csproj", "{50990828-3B0A-42E8-ACF6-25B8F75F00D8}"
EndProject
Project("{FAE04EC0-301F-11D3-BF4B-00C04F79EFBC}") = "Orders.Consumer", "src\orders\Orders.Consumer\Orders.Consumer.csproj", "{FFD8DFE1-A42D-420A-A262-C1852B751E89}"
EndProject
Project("{2150E333-8FDC-42A3-9474-1A3956D46DE8}") = "products", "products", "{13997D4B-8BAE-41D6-94E9-F86154F0BD65}"
EndProject
Project("{FAE04EC0-301F-11D3-BF4B-00C04F79EFBC}") = "Products.Api", "src\products\Products.Api\Products.Api.csproj", "{FDF5B064-9B22-4212-80D6-F19703DB18FE}"
EndProject
Project("{2150E333-8FDC-42A3-9474-1A3956D46DE8}") = "users", "users", "{01A5BB3E-A07C-44A4-A804-9494837A49CF}"
EndProject
Project("{FAE04EC0-301F-11D3-BF4B-00C04F79EFBC}") = "Users.Idp", "src\users\Users.Idp\Users.Idp.csproj", "{1B2C483A-7BEC-4711-98D5-52867F71D626}"
EndProject
Project("{FAE04EC0-301F-11D3-BF4B-00C04F79EFBC}") = "Orders.Reporting", "src\orders\Orders.Reporting\Orders.Reporting.csproj", "{BDAC225F-47BE-4E91-8B9F-70E6881479F8}"
EndProject
Global
	GlobalSection(SolutionConfigurationPlatforms) = preSolution
		Debug|Any CPU = Debug|Any CPU
		Release|Any CPU = Release|Any CPU
	EndGlobalSection
	GlobalSection(SolutionProperties) = preSolution
		HideSolutionNode = FALSE
	EndGlobalSection
	GlobalSection(ProjectConfigurationPlatforms) = postSolution
		{8FADCC0B-2A6C-4E98-8BB7-486EE81FC4F6}.Debug|Any CPU.ActiveCfg = Debug|Any CPU
		{8FADCC0B-2A6C-4E98-8BB7-486EE81FC4F6}.Debug|Any CPU.Build.0 = Debug|Any CPU
		{8FADCC0B-2A6C-4E98-8BB7-486EE81FC4F6}.Release|Any CPU.ActiveCfg = Release|Any CPU
		{8FADCC0B-2A6C-4E98-8BB7-486EE81FC4F6}.Release|Any CPU.Build.0 = Release|Any CPU
		{50990828-3B0A-42E8-ACF6-25B8F75F00D8}.Debug|Any CPU.ActiveCfg = Debug|Any CPU
		{50990828-3B0A-42E8-ACF6-25B8F75F00D8}.Debug|Any CPU.Build.0 = Debug|Any CPU
		{50990828-3B0A-42E8-ACF6-25B8F75F00D8}.Release|Any CPU.ActiveCfg = Release|Any CPU
		{50990828-3B0A-42E8-ACF6-25B8F75F00D8}.Release|Any CPU.Build.0 = Release|Any CPU
		{FFD8DFE1-A42D-420A-A262-C1852B751E89}.Debug|Any CPU.ActiveCfg = Debug|Any CPU
		{FFD8DFE1-A42D-420A-A262-C1852B751E89}.Debug|Any CPU.Build.0 = Debug|Any CPU
		{FFD8DFE1-A42D-420A-A262-C1852B751E89}.Release|Any CPU.ActiveCfg = Release|Any CPU
		{FFD8DFE1-A42D-420A-A262-C1852B751E89}.Release|Any CPU.Build.0 = Release|Any CPU
		{FDF5B064-9B22-4212-80D6-F19703DB18FE}.Debug|Any CPU.ActiveCfg = Debug|Any CPU
		{FDF5B064-9B22-4212-80D6-F19703DB18FE}.Debug|Any CPU.Build.0 = Debug|Any CPU
		{FDF5B064-9B22-4212-80D6-F19703DB18FE}.Release|Any CPU.ActiveCfg = Release|Any CPU
		{FDF5B064-9B22-4212-80D6-F19703DB18FE}.Release|Any CPU.Build.0 = Release|Any CPU
		{1B2C483A-7BEC-4711-98D5-52867F71D626}.Debug|Any CPU.ActiveCfg = Debug|Any CPU
		{1B2C483A-7BEC-4711-98D5-52867F71D626}.Debug|Any CPU.Build.0 = Debug|Any CPU
		{1B2C483A-7BEC-4711-98D5-52867F71D626}.Release|Any CPU.ActiveCfg = Release|Any CPU
		{1B2C483A-7BEC-4711-98D5-52867F71D626}.Release|Any CPU.Build.0 = Release|Any CPU
		{BDAC225F-47BE-4E91-8B9F-70E6881479F8}.Debug|Any CPU.ActiveCfg = Debug|Any CPU
		{BDAC225F-47BE-4E91-8B9F-70E6881479F8}.Debug|Any CPU.Build.0 = Debug|Any CPU
		{BDAC225F-47BE-4E91-8B9F-70E6881479F8}.Release|Any CPU.ActiveCfg = Release|Any CPU
		{BDAC225F-47BE-4E91-8B9F-70E6881479F8}.Release|Any CPU.Build.0 = Release|Any CPU
	EndGlobalSection
	GlobalSection(NestedProjects) = preSolution
		{74F1D155-CEDF-4C81-9F9B-F7C14C8060D4} = {B80CD787-B08F-44CF-8BD9-D50DC37F71BD}
		{8FADCC0B-2A6C-4E98-8BB7-486EE81FC4F6} = {74F1D155-CEDF-4C81-9F9B-F7C14C8060D4}
		{9251DE16-BD7F-4811-9D00-647B962396D4} = {B80CD787-B08F-44CF-8BD9-D50DC37F71BD}
		{50990828-3B0A-42E8-ACF6-25B8F75F00D8} = {9251DE16-BD7F-4811-9D00-647B962396D4}
		{FFD8DFE1-A42D-420A-A262-C1852B751E89} = {9251DE16-BD7F-4811-9D00-647B962396D4}
		{13997D4B-8BAE-41D6-94E9-F86154F0BD65} = {B80CD787-B08F-44CF-8BD9-D50DC37F71BD}
		{FDF5B064-9B22-4212-80D6-F19703DB18FE} = {13997D4B-8BAE-41D6-94E9-F86154F0BD65}
		{01A5BB3E-A07C-44A4-A804-9494837A49CF} = {B80CD787-B08F-44CF-8BD9-D50DC37F71BD}
		{1B2C483A-7BEC-4711-98D5-52867F71D626} = {01A5BB3E-A07C-44A4-A804-9494837A49CF}
		{BDAC225F-47BE-4E91-8B9F-70E6881479F8} = {9251DE16-BD7F-4811-9D00-647B962396D4}
	EndGlobalSection
EndGlobal
